
Microsoft Visual Studio Solution File, Format Version 12.00
# Visual Studio Version 17
VisualStudioVersion = 17.4.33103.184
MinimumVisualStudioVersion = 10.0.40219.1
Project("{FAE04EC0-301F-11D3-BF4B-00C04F79EFBC}") = "DBase_Form_App_6", "DBase_Form_App_6\DBase_Form_App_6.csproj", "{7345C94A-1827-4724-B150-DC5BCF23AAB3}"
EndProject
Global
	GlobalSection(SolutionConfigurationPlatforms) = preSolution
		Debug|Any CPU = Debug|Any CPU
		Release|Any CPU = Release|Any CPU
	EndGlobalSection
	GlobalSection(ProjectConfigurationPlatforms) = postSolution
		{7345C94A-1827-4724-B150-DC5BCF23AAB3}.Debug|Any CPU.ActiveCfg = Debug|Any CPU
		{7345C94A-1827-4724-B150-DC5BCF23AAB3}.Debug|Any CPU.Build.0 = Debug|Any CPU
		{7345C94A-1827-4724-B150-DC5BCF23AAB3}.Release|Any CPU.ActiveCfg = Release|Any CPU
		{7345C94A-1827-4724-B150-DC5BCF23AAB3}.Release|Any CPU.Build.0 = Release|Any CPU
	EndGlobalSection
	GlobalSection(SolutionProperties) = preSolution
		HideSolutionNode = FALSE
	EndGlobalSection
	GlobalSection(ExtensibilityGlobals) = postSolution
		SolutionGuid = {7F059F3F-0F75-49A4-863F-8496B56C1979}
	EndGlobalSection
EndGlobal
